
Microsoft Visual Studio Solution File, Format Version 12.00
# Visual Studio Version 16
VisualStudioVersion = 16.0.30002.166
MinimumVisualStudioVersion = 10.0.40219.1
Project("{FAE04EC0-301F-11D3-BF4B-00C04F79EFBC}") = "sebakpetra_fb8ypq_10hazifeladat_csharp", "sebakpetra_fb8ypq_10hazifeladat_csharp\sebakpetra_fb8ypq_10hazifeladat_csharp.csproj", "{5074232A-EB61-4530-BF32-B7D541AFADBB}"
EndProject
Global
	GlobalSection(SolutionConfigurationPlatforms) = preSolution
		Debug|Any CPU = Debug|Any CPU
		Release|Any CPU = Release|Any CPU
	EndGlobalSection
	GlobalSection(ProjectConfigurationPlatforms) = postSolution
		{5074232A-EB61-4530-BF32-B7D541AFADBB}.Debug|Any CPU.ActiveCfg = Debug|Any CPU
		{5074232A-EB61-4530-BF32-B7D541AFADBB}.Debug|Any CPU.Build.0 = Debug|Any CPU
		{5074232A-EB61-4530-BF32-B7D541AFADBB}.Release|Any CPU.ActiveCfg = Release|Any CPU
		{5074232A-EB61-4530-BF32-B7D541AFADBB}.Release|Any CPU.Build.0 = Release|Any CPU
	EndGlobalSection
	GlobalSection(SolutionProperties) = preSolution
		HideSolutionNode = FALSE
	EndGlobalSection
	GlobalSection(ExtensibilityGlobals) = postSolution
		SolutionGuid = {EEEE4C21-8028-426B-B6AB-3AC85175BA2D}
	EndGlobalSection
EndGlobal
